
Microsoft Visual Studio Solution File, Format Version 12.00
# Visual Studio 15
VisualStudioVersion = 15.0.28307.572
MinimumVisualStudioVersion = 10.0.40219.1
Project("{FAE04EC0-301F-11D3-BF4B-00C04F79EFBC}") = "BatchBash.Android", "BatchBash\BatchBash.Android\BatchBash.Android.csproj", "{AFFB1A9C-3A7C-42D5-90DC-004266481199}"
EndProject
Project("{FAE04EC0-301F-11D3-BF4B-00C04F79EFBC}") = "BatchBash", "BatchBash\BatchBash\BatchBash.csproj", "{3289B07C-E1DD-4512-AC98-527FBD8DBFDC}"
EndProject
Global
	GlobalSection(SolutionConfigurationPlatforms) = preSolution
		Debug|Any CPU = Debug|Any CPU
		Release|Any CPU = Release|Any CPU
	EndGlobalSection
	GlobalSection(ProjectConfigurationPlatforms) = postSolution
		{AFFB1A9C-3A7C-42D5-90DC-004266481199}.Debug|Any CPU.ActiveCfg = Debug|Any CPU
		{AFFB1A9C-3A7C-42D5-90DC-004266481199}.Debug|Any CPU.Build.0 = Debug|Any CPU
		{AFFB1A9C-3A7C-42D5-90DC-004266481199}.Debug|Any CPU.Deploy.0 = Debug|Any CPU
		{AFFB1A9C-3A7C-42D5-90DC-004266481199}.Release|Any CPU.ActiveCfg = Release|Any CPU
		{AFFB1A9C-3A7C-42D5-90DC-004266481199}.Release|Any CPU.Build.0 = Release|Any CPU
		{AFFB1A9C-3A7C-42D5-90DC-004266481199}.Release|Any CPU.Deploy.0 = Release|Any CPU
		{3289B07C-E1DD-4512-AC98-527FBD8DBFDC}.Debug|Any CPU.ActiveCfg = Debug|Any CPU
		{3289B07C-E1DD-4512-AC98-527FBD8DBFDC}.Debug|Any CPU.Build.0 = Debug|Any CPU
		{3289B07C-E1DD-4512-AC98-527FBD8DBFDC}.Debug|Any CPU.Deploy.0 = Debug|Any CPU
		{3289B07C-E1DD-4512-AC98-527FBD8DBFDC}.Release|Any CPU.ActiveCfg = Release|Any CPU
		{3289B07C-E1DD-4512-AC98-527FBD8DBFDC}.Release|Any CPU.Build.0 = Release|Any CPU
		{3289B07C-E1DD-4512-AC98-527FBD8DBFDC}.Release|Any CPU.Deploy.0 = Release|Any CPU
	EndGlobalSection
	GlobalSection(SolutionProperties) = preSolution
		HideSolutionNode = FALSE
	EndGlobalSection
	GlobalSection(ExtensibilityGlobals) = postSolution
		SolutionGuid = {28E77F44-922C-4560-8FF6-4946EB6C7B18}
	EndGlobalSection
EndGlobal
