
Microsoft Visual Studio Solution File, Format Version 12.00
# Visual Studio 15
VisualStudioVersion = 15.0.28010.2019
MinimumVisualStudioVersion = 10.0.40219.1
Project("{FAE04EC0-301F-11D3-BF4B-00C04F79EFBC}") = "MobileApp.Android", "MobileApp\MobileApp.Android\MobileApp.Android.csproj", "{FB514189-FB6A-4CE0-AF66-331360A56267}"
EndProject
Project("{FAE04EC0-301F-11D3-BF4B-00C04F79EFBC}") = "MobileApp.iOS", "MobileApp\MobileApp.iOS\MobileApp.iOS.csproj", "{6B58EB05-08D2-49B5-83ED-935B30EE357E}"
EndProject
Project("{FAE04EC0-301F-11D3-BF4B-00C04F79EFBC}") = "MobileApp", "MobileApp\MobileApp\MobileApp.csproj", "{99908D49-3CC1-481B-8221-801C146CC59A}"
EndProject
Global
	GlobalSection(SolutionConfigurationPlatforms) = preSolution
		Ad-Hoc|Any CPU = Ad-Hoc|Any CPU
		Ad-Hoc|iPhone = Ad-Hoc|iPhone
		Ad-Hoc|iPhoneSimulator = Ad-Hoc|iPhoneSimulator
		AppStore|Any CPU = AppStore|Any CPU
		AppStore|iPhone = AppStore|iPhone
		AppStore|iPhoneSimulator = AppStore|iPhoneSimulator
		Debug|Any CPU = Debug|Any CPU
		Debug|iPhone = Debug|iPhone
		Debug|iPhoneSimulator = Debug|iPhoneSimulator
		Release|Any CPU = Release|Any CPU
		Release|iPhone = Release|iPhone
		Release|iPhoneSimulator = Release|iPhoneSimulator
	EndGlobalSection
	GlobalSection(ProjectConfigurationPlatforms) = postSolution
		{FB514189-FB6A-4CE0-AF66-331360A56267}.Ad-Hoc|Any CPU.ActiveCfg = Release|Any CPU
		{FB514189-FB6A-4CE0-AF66-331360A56267}.Ad-Hoc|Any CPU.Build.0 = Release|Any CPU
		{FB514189-FB6A-4CE0-AF66-331360A56267}.Ad-Hoc|Any CPU.Deploy.0 = Release|Any CPU
		{FB514189-FB6A-4CE0-AF66-331360A56267}.Ad-Hoc|iPhone.ActiveCfg = Release|Any CPU
		{FB514189-FB6A-4CE0-AF66-331360A56267}.Ad-Hoc|iPhone.Build.0 = Release|Any CPU
		{FB514189-FB6A-4CE0-AF66-331360A56267}.Ad-Hoc|iPhone.Deploy.0 = Release|Any CPU
		{FB514189-FB6A-4CE0-AF66-331360A56267}.Ad-Hoc|iPhoneSimulator.ActiveCfg = Release|Any CPU
		{FB514189-FB6A-4CE0-AF66-331360A56267}.Ad-Hoc|iPhoneSimulator.Build.0 = Release|Any CPU
		{FB514189-FB6A-4CE0-AF66-331360A56267}.Ad-Hoc|iPhoneSimulator.Deploy.0 = Release|Any CPU
		{FB514189-FB6A-4CE0-AF66-331360A56267}.AppStore|Any CPU.ActiveCfg = Release|Any CPU
		{FB514189-FB6A-4CE0-AF66-331360A56267}.AppStore|Any CPU.Build.0 = Release|Any CPU
		{FB514189-FB6A-4CE0-AF66-331360A56267}.AppStore|Any CPU.Deploy.0 = Release|Any CPU
		{FB514189-FB6A-4CE0-AF66-331360A56267}.AppStore|iPhone.ActiveCfg = Release|Any CPU
		{FB514189-FB6A-4CE0-AF66-331360A56267}.AppStore|iPhone.Build.0 = Release|Any CPU
		{FB514189-FB6A-4CE0-AF66-331360A56267}.AppStore|iPhone.Deploy.0 = Release|Any CPU
		{FB514189-FB6A-4CE0-AF66-331360A56267}.AppStore|iPhoneSimulator.ActiveCfg = Release|Any CPU
		{FB514189-FB6A-4CE0-AF66-331360A56267}.AppStore|iPhoneSimulator.Build.0 = Release|Any CPU
		{FB514189-FB6A-4CE0-AF66-331360A56267}.AppStore|iPhoneSimulator.Deploy.0 = Release|Any CPU
		{FB514189-FB6A-4CE0-AF66-331360A56267}.Debug|Any CPU.ActiveCfg = Debug|Any CPU
		{FB514189-FB6A-4CE0-AF66-331360A56267}.Debug|Any CPU.Build.0 = Debug|Any CPU
		{FB514189-FB6A-4CE0-AF66-331360A56267}.Debug|Any CPU.Deploy.0 = Debug|Any CPU
		{FB514189-FB6A-4CE0-AF66-331360A56267}.Debug|iPhone.ActiveCfg = Debug|Any CPU
		{FB514189-FB6A-4CE0-AF66-331360A56267}.Debug|iPhone.Build.0 = Debug|Any CPU
		{FB514189-FB6A-4CE0-AF66-331360A56267}.Debug|iPhone.Deploy.0 = Debug|Any CPU
		{FB514189-FB6A-4CE0-AF66-331360A56267}.Debug|iPhoneSimulator.ActiveCfg = Debug|Any CPU
		{FB514189-FB6A-4CE0-AF66-331360A56267}.Debug|iPhoneSimulator.Build.0 = Debug|Any CPU
		{FB514189-FB6A-4CE0-AF66-331360A56267}.Debug|iPhoneSimulator.Deploy.0 = Debug|Any CPU
		{FB514189-FB6A-4CE0-AF66-331360A56267}.Release|Any CPU.ActiveCfg = Release|Any CPU
		{FB514189-FB6A-4CE0-AF66-331360A56267}.Release|Any CPU.Build.0 = Release|Any CPU
		{FB514189-FB6A-4CE0-AF66-331360A56267}.Release|Any CPU.Deploy.0 = Release|Any CPU
		{FB514189-FB6A-4CE0-AF66-331360A56267}.Release|iPhone.ActiveCfg = Release|Any CPU
		{FB514189-FB6A-4CE0-AF66-331360A56267}.Release|iPhone.Build.0 = Release|Any CPU
		{FB514189-FB6A-4CE0-AF66-331360A56267}.Release|iPhone.Deploy.0 = Release|Any CPU
		{FB514189-FB6A-4CE0-AF66-331360A56267}.Release|iPhoneSimulator.ActiveCfg = Release|Any CPU
		{FB514189-FB6A-4CE0-AF66-331360A56267}.Release|iPhoneSimulator.Build.0 = Release|Any CPU
		{FB514189-FB6A-4CE0-AF66-331360A56267}.Release|iPhoneSimulator.Deploy.0 = Release|Any CPU
		{6B58EB05-08D2-49B5-83ED-935B30EE357E}.Ad-Hoc|Any CPU.ActiveCfg = Ad-Hoc|iPhone
		{6B58EB05-08D2-49B5-83ED-935B30EE357E}.Ad-Hoc|Any CPU.Build.0 = Ad-Hoc|iPhone
		{6B58EB05-08D2-49B5-83ED-935B30EE357E}.Ad-Hoc|Any CPU.Deploy.0 = Ad-Hoc|iPhone
		{6B58EB05-08D2-49B5-83ED-935B30EE357E}.Ad-Hoc|iPhone.ActiveCfg = Ad-Hoc|iPhone
		{6B58EB05-08D2-49B5-83ED-935B30EE357E}.Ad-Hoc|iPhone.Build.0 = Ad-Hoc|iPhone
		{6B58EB05-08D2-49B5-83ED-935B30EE357E}.Ad-Hoc|iPhone.Deploy.0 = Ad-Hoc|iPhone
		{6B58EB05-08D2-49B5-83ED-935B30EE357E}.Ad-Hoc|iPhoneSimulator.ActiveCfg = Ad-Hoc|iPhoneSimulator
		{6B58EB05-08D2-49B5-83ED-935B30EE357E}.Ad-Hoc|iPhoneSimulator.Build.0 = Ad-Hoc|iPhoneSimulator
		{6B58EB05-08D2-49B5-83ED-935B30EE357E}.Ad-Hoc|iPhoneSimulator.Deploy.0 = Ad-Hoc|iPhoneSimulator
		{6B58EB05-08D2-49B5-83ED-935B30EE357E}.AppStore|Any CPU.ActiveCfg = AppStore|iPhone
		{6B58EB05-08D2-49B5-83ED-935B30EE357E}.AppStore|Any CPU.Build.0 = AppStore|iPhone
		{6B58EB05-08D2-49B5-83ED-935B30EE357E}.AppStore|Any CPU.Deploy.0 = AppStore|iPhone
		{6B58EB05-08D2-49B5-83ED-935B30EE357E}.AppStore|iPhone.ActiveCfg = AppStore|iPhone
		{6B58EB05-08D2-49B5-83ED-935B30EE357E}.AppStore|iPhone.Build.0 = AppStore|iPhone
		{6B58EB05-08D2-49B5-83ED-935B30EE357E}.AppStore|iPhone.Deploy.0 = AppStore|iPhone
		{6B58EB05-08D2-49B5-83ED-935B30EE357E}.AppStore|iPhoneSimulator.ActiveCfg = AppStore|iPhoneSimulator
		{6B58EB05-08D2-49B5-83ED-935B30EE357E}.AppStore|iPhoneSimulator.Build.0 = AppStore|iPhoneSimulator
		{6B58EB05-08D2-49B5-83ED-935B30EE357E}.AppStore|iPhoneSimulator.Deploy.0 = AppStore|iPhoneSimulator
		{6B58EB05-08D2-49B5-83ED-935B30EE357E}.Debug|Any CPU.ActiveCfg = Debug|iPhoneSimulator
		{6B58EB05-08D2-49B5-83ED-935B30EE357E}.Debug|Any CPU.Build.0 = Debug|iPhoneSimulator
		{6B58EB05-08D2-49B5-83ED-935B30EE357E}.Debug|Any CPU.Deploy.0 = Debug|iPhoneSimulator
		{6B58EB05-08D2-49B5-83ED-935B30EE357E}.Debug|iPhone.ActiveCfg = Debug|iPhone
		{6B58EB05-08D2-49B5-83ED-935B30EE357E}.Debug|iPhone.Build.0 = Debug|iPhone
		{6B58EB05-08D2-49B5-83ED-935B30EE357E}.Debug|iPhone.Deploy.0 = Debug|iPhone
		{6B58EB05-08D2-49B5-83ED-935B30EE357E}.Debug|iPhoneSimulator.ActiveCfg = Debug|iPhoneSimulator
		{6B58EB05-08D2-49B5-83ED-935B30EE357E}.Debug|iPhoneSimulator.Build.0 = Debug|iPhoneSimulator
		{6B58EB05-08D2-49B5-83ED-935B30EE357E}.Debug|iPhoneSimulator.Deploy.0 = Debug|iPhoneSimulator
		{6B58EB05-08D2-49B5-83ED-935B30EE357E}.Release|Any CPU.ActiveCfg = Release|iPhone
		{6B58EB05-08D2-49B5-83ED-935B30EE357E}.Release|Any CPU.Build.0 = Release|iPhone
		{6B58EB05-08D2-49B5-83ED-935B30EE357E}.Release|Any CPU.Deploy.0 = Release|iPhone
		{6B58EB05-08D2-49B5-83ED-935B30EE357E}.Release|iPhone.ActiveCfg = Release|iPhone
		{6B58EB05-08D2-49B5-83ED-935B30EE357E}.Release|iPhone.Build.0 = Release|iPhone
		{6B58EB05-08D2-49B5-83ED-935B30EE357E}.Release|iPhone.Deploy.0 = Release|iPhone
		{6B58EB05-08D2-49B5-83ED-935B30EE357E}.Release|iPhoneSimulator.ActiveCfg = Release|iPhoneSimulator
		{6B58EB05-08D2-49B5-83ED-935B30EE357E}.Release|iPhoneSimulator.Build.0 = Release|iPhoneSimulator
		{6B58EB05-08D2-49B5-83ED-935B30EE357E}.Release|iPhoneSimulator.Deploy.0 = Release|iPhoneSimulator
		{99908D49-3CC1-481B-8221-801C146CC59A}.Ad-Hoc|Any CPU.ActiveCfg = Debug|Any CPU
		{99908D49-3CC1-481B-8221-801C146CC59A}.Ad-Hoc|Any CPU.Build.0 = Debug|Any CPU
		{99908D49-3CC1-481B-8221-801C146CC59A}.Ad-Hoc|Any CPU.Deploy.0 = Debug|Any CPU
		{99908D49-3CC1-481B-8221-801C146CC59A}.Ad-Hoc|iPhone.ActiveCfg = Debug|Any CPU
		{99908D49-3CC1-481B-8221-801C146CC59A}.Ad-Hoc|iPhone.Build.0 = Debug|Any CPU
		{99908D49-3CC1-481B-8221-801C146CC59A}.Ad-Hoc|iPhone.Deploy.0 = Debug|Any CPU
		{99908D49-3CC1-481B-8221-801C146CC59A}.Ad-Hoc|iPhoneSimulator.ActiveCfg = Debug|Any CPU
		{99908D49-3CC1-481B-8221-801C146CC59A}.Ad-Hoc|iPhoneSimulator.Build.0 = Debug|Any CPU
		{99908D49-3CC1-481B-8221-801C146CC59A}.Ad-Hoc|iPhoneSimulator.Deploy.0 = Debug|Any CPU
		{99908D49-3CC1-481B-8221-801C146CC59A}.AppStore|Any CPU.ActiveCfg = Debug|Any CPU
		{99908D49-3CC1-481B-8221-801C146CC59A}.AppStore|Any CPU.Build.0 = Debug|Any CPU
		{99908D49-3CC1-481B-8221-801C146CC59A}.AppStore|Any CPU.Deploy.0 = Debug|Any CPU
		{99908D49-3CC1-481B-8221-801C146CC59A}.AppStore|iPhone.ActiveCfg = Debug|Any CPU
		{99908D49-3CC1-481B-8221-801C146CC59A}.AppStore|iPhone.Build.0 = Debug|Any CPU
		{99908D49-3CC1-481B-8221-801C146CC59A}.AppStore|iPhone.Deploy.0 = Debug|Any CPU
		{99908D49-3CC1-481B-8221-801C146CC59A}.AppStore|iPhoneSimulator.ActiveCfg = Debug|Any CPU
		{99908D49-3CC1-481B-8221-801C146CC59A}.AppStore|iPhoneSimulator.Build.0 = Debug|Any CPU
		{99908D49-3CC1-481B-8221-801C146CC59A}.AppStore|iPhoneSimulator.Deploy.0 = Debug|Any CPU
		{99908D49-3CC1-481B-8221-801C146CC59A}.Debug|Any CPU.ActiveCfg = Debug|Any CPU
		{99908D49-3CC1-481B-8221-801C146CC59A}.Debug|Any CPU.Build.0 = Debug|Any CPU
		{99908D49-3CC1-481B-8221-801C146CC59A}.Debug|Any CPU.Deploy.0 = Debug|Any CPU
		{99908D49-3CC1-481B-8221-801C146CC59A}.Debug|iPhone.ActiveCfg = Debug|Any CPU
		{99908D49-3CC1-481B-8221-801C146CC59A}.Debug|iPhone.Build.0 = Debug|Any CPU
		{99908D49-3CC1-481B-8221-801C146CC59A}.Debug|iPhone.Deploy.0 = Debug|Any CPU
		{99908D49-3CC1-481B-8221-801C146CC59A}.Debug|iPhoneSimulator.ActiveCfg = Debug|Any CPU
		{99908D49-3CC1-481B-8221-801C146CC59A}.Debug|iPhoneSimulator.Build.0 = Debug|Any CPU
		{99908D49-3CC1-481B-8221-801C146CC59A}.Debug|iPhoneSimulator.Deploy.0 = Debug|Any CPU
		{99908D49-3CC1-481B-8221-801C146CC59A}.Release|Any CPU.ActiveCfg = Release|Any CPU
		{99908D49-3CC1-481B-8221-801C146CC59A}.Release|Any CPU.Build.0 = Release|Any CPU
		{99908D49-3CC1-481B-8221-801C146CC59A}.Release|Any CPU.Deploy.0 = Release|Any CPU
		{99908D49-3CC1-481B-8221-801C146CC59A}.Release|iPhone.ActiveCfg = Release|Any CPU
		{99908D49-3CC1-481B-8221-801C146CC59A}.Release|iPhone.Build.0 = Release|Any CPU
		{99908D49-3CC1-481B-8221-801C146CC59A}.Release|iPhone.Deploy.0 = Release|Any CPU
		{99908D49-3CC1-481B-8221-801C146CC59A}.Release|iPhoneSimulator.ActiveCfg = Release|Any CPU
		{99908D49-3CC1-481B-8221-801C146CC59A}.Release|iPhoneSimulator.Build.0 = Release|Any CPU
		{99908D49-3CC1-481B-8221-801C146CC59A}.Release|iPhoneSimulator.Deploy.0 = Release|Any CPU
	EndGlobalSection
	GlobalSection(SolutionProperties) = preSolution
		HideSolutionNode = FALSE
	EndGlobalSection
	GlobalSection(ExtensibilityGlobals) = postSolution
		SolutionGuid = {99B0A795-7A2A-47DB-955B-8D83EFBC29F7}
	EndGlobalSection
EndGlobal
